
Microsoft Visual Studio Solution File, Format Version 12.00
# Visual Studio Version 16
VisualStudioVersion = 16.0.29324.140
MinimumVisualStudioVersion = 10.0.40219.1
Project("{9A19103F-16F7-4668-BE54-9A1E7A4F7556}") = "EmojiBlaze.Web", "EmojiBlaze.Web\EmojiBlaze.Web.csproj", "{CA29DAD7-73B3-4C1D-8575-23157FDA9D77}"
EndProject
Project("{9A19103F-16F7-4668-BE54-9A1E7A4F7556}") = "EmojiBlaze.Models", "EmojiBlaze.Models\EmojiBlaze.Models.csproj", "{8C3E500E-F5AE-43C1-AE16-B5723276F372}"
EndProject
Project("{FAE04EC0-301F-11D3-BF4B-00C04F79EFBC}") = "EmojiBlaze.Models.Tests", "EmojiBlaze.Models.Tests\EmojiBlaze.Models.Tests.csproj", "{39A2A1AE-BC9F-4B55-8EB0-D332F8C68EC5}"
EndProject
Global
	GlobalSection(SolutionConfigurationPlatforms) = preSolution
		Debug|Any CPU = Debug|Any CPU
		Release|Any CPU = Release|Any CPU
	EndGlobalSection
	GlobalSection(ProjectConfigurationPlatforms) = postSolution
		{CA29DAD7-73B3-4C1D-8575-23157FDA9D77}.Debug|Any CPU.ActiveCfg = Debug|Any CPU
		{CA29DAD7-73B3-4C1D-8575-23157FDA9D77}.Debug|Any CPU.Build.0 = Debug|Any CPU
		{CA29DAD7-73B3-4C1D-8575-23157FDA9D77}.Release|Any CPU.ActiveCfg = Release|Any CPU
		{CA29DAD7-73B3-4C1D-8575-23157FDA9D77}.Release|Any CPU.Build.0 = Release|Any CPU
		{8C3E500E-F5AE-43C1-AE16-B5723276F372}.Debug|Any CPU.ActiveCfg = Debug|Any CPU
		{8C3E500E-F5AE-43C1-AE16-B5723276F372}.Debug|Any CPU.Build.0 = Debug|Any CPU
		{8C3E500E-F5AE-43C1-AE16-B5723276F372}.Release|Any CPU.ActiveCfg = Release|Any CPU
		{8C3E500E-F5AE-43C1-AE16-B5723276F372}.Release|Any CPU.Build.0 = Release|Any CPU
		{39A2A1AE-BC9F-4B55-8EB0-D332F8C68EC5}.Debug|Any CPU.ActiveCfg = Debug|Any CPU
		{39A2A1AE-BC9F-4B55-8EB0-D332F8C68EC5}.Debug|Any CPU.Build.0 = Debug|Any CPU
		{39A2A1AE-BC9F-4B55-8EB0-D332F8C68EC5}.Release|Any CPU.ActiveCfg = Release|Any CPU
		{39A2A1AE-BC9F-4B55-8EB0-D332F8C68EC5}.Release|Any CPU.Build.0 = Release|Any CPU
	EndGlobalSection
	GlobalSection(SolutionProperties) = preSolution
		HideSolutionNode = FALSE
	EndGlobalSection
	GlobalSection(ExtensibilityGlobals) = postSolution
		SolutionGuid = {5863723E-7186-41A9-B8F2-12CDFE162487}
	EndGlobalSection
EndGlobal
